# This file is autogenerated, do not edit; changes may be undone by the next 'dep ensure'.


[[projects]]
  branch = "master"
  name = "github.com/juju/errors"
  packages = ["."]
  revision = "c7d06af17c68cd34c835053720b21f6549d9b0ee"

[[projects]]
  branch = "master"
  name = "github.com/ngaut/log"
  packages = ["."]
  revision = "d2af3a61f64d093457fb23b25d20f4ce3cd551ce"

[solve-meta]
  analyzer-name = "dep"
  analyzer-version = 1
  inputs-digest = "378c3ddb4691670798878fa7715dc372ab2800145624ee38ac0ead000e885874"
  solver-name = "gps-cdcl"
  solver-version = 1
